{
    "_readme": [
        "This file locks the dependencies of your project to a known state",
        "Read more about it at https://getcomposer.org/doc/01-basic-usage.md#composer-lock-the-lock-file",
        "This file is @generated automatically"
    ],
    "content-hash": "fc36e67ab176fced29dd612f67c5c97b",
    "packages": [],
    "packages-dev": [],
    "aliases": [],
    "minimum-stability": "dev",
    "stability-flags": [],
    "prefer-stable": false,
    "prefer-lowest": false,
    "platform": {
        "php": ">=5.6.0",
        "ext-bcmath": "*",
        "ext-curl": "*",
        "ext-fileinfo": "*",
        "ext-gd": "*",
        "ext-imap": "*",
        "ext-mbstring": "*",
        "ext-openssl": "*",
        "ext-reflection": "*",
        "ext-spl": "*"
    },
    "platform-dev": {
        "ext-dom": "*",
        "ext-intl": "*",
        "ext-json": "*",
        "ext-libxml": "*",
        "ext-pcre": "*",
        "ext-pdo": "*",
        "ext-tokenizer": "*",
        "ext-xml": "*"
    }
}
